<?xml version="1.0" encoding="utf-8"?>
<Project ToolsVersion="4.0" xmlns="http://schemas.microsoft.com/developer/msbuild/2003">
  <ItemGroup>
    <Filter Include="Source Files">
      <UniqueIdentifier>{4FC737F1-C7A5-4376-A066-2A32D752A2FF}</UniqueIdentifier>
      <Extensions>cpp;c;cc;cxx;c++;cppm;ixx;def;odl;idl;hpj;bat;asm;asmx</Extensions>
    </Filter>
    <Filter Include="Header Files">
      <UniqueIdentifier>{93995380-89BD-4b04-88EB-625FBE52EBFB}</UniqueIdentifier>
      <Extensions>h;hh;hpp;hxx;h++;hm;inl;inc;ipp;xsd</Extensions>
    </Filter>
    <Filter Include="Resource Files">
      <UniqueIdentifier>{67DA6AB6-F800-4c08-8B7A-83BB121AAD01}</UniqueIdentifier>
      <Extensions>rc;ico;cur;bmp;dlg;rc2;rct;bin;rgs;gif;jpg;jpeg;jpe;resx;tiff;tif;png;wav;mfcribbon-ms</Extensions>
    </Filter>
  </ItemGroup>
  <ItemGroup>
    <ClInclude Include="pch.h">
      <Filter>Header Files</Filter>
    </ClInclude>
    <ClInclude Include="SDK\UnrealContainers.hpp">
      <Filter>Header Files</Filter>
    </ClInclude>
    <ClInclude Include="Engine\Source\Runtime\Engine\Classes\Engine\Engine.h">
      <Filter>Header Files</Filter>
    </ClInclude>
    <ClInclude Include="Utils.h">
      <Filter>Header Files</Filter>
    </ClInclude>
    <ClInclude Include="Engine\Source\Runtime\Engine\Classes\Engine\World.h">
      <Filter>Header Files</Filter>
    </ClInclude>
    <ClInclude Include="FortniteGame\Source\FortniteGame\Public\FortGameState.h">
      <Filter>Header Files</Filter>
    </ClInclude>
    <ClInclude Include="FortniteGame\Source\FortniteGame\Public\Athena\FortGameModeAthena.h">
      <Filter>Header Files</Filter>
    </ClInclude>
    <ClInclude Include="Engine\Restricted\NotForLicensees\Plugins\OnlineGameplayFramework\Source\McpProfileSys\Public\McpProfileGroup.h">
      <Filter>Header Files</Filter>
    </ClInclude>
    <ClInclude Include="FortniteGame\Source\FortniteGame\Public\Online\FortGameSession.h">
      <Filter>Header Files</Filter>
    </ClInclude>
    <ClInclude Include="Engine\Source\Runtime\Engine\Classes\Engine\NetDriver.h">
      <Filter>Header Files</Filter>
    </ClInclude>
    <ClInclude Include="FortniteGame\Source\FortniteGame\Public\Player\FortPlayerControllerZone.h">
      <Filter>Header Files</Filter>
    </ClInclude>
    <ClInclude Include="FortniteGame\Source\FortniteGame\Public\Items\FortInventory.h">
      <Filter>Header Files</Filter>
    </ClInclude>
    <ClInclude Include="FortniteGame\Source\FortniteGame\Public\Player\FortPlayerController.h">
      <Filter>Header Files</Filter>
    </ClInclude>
    <ClInclude Include="MinHook.h">
      <Filter>Header Files</Filter>
    </ClInclude>
    <ClInclude Include="Engine\Plugins\Runtime\GameplayAbilities\Source\GameplayAbilities\Public\AbilitySystemComponent.h">
      <Filter>Header Files</Filter>
    </ClInclude>
    <ClInclude Include="FortniteGame\Source\FortniteGame\Public\Quests\FortQuestManager.h">
      <Filter>Header Files</Filter>
    </ClInclude>
    <ClInclude Include="FortniteGame\Source\FortniteGame\Public\Items\FortLootPackage.h">
      <Filter>Header Files</Filter>
    </ClInclude>
    <ClInclude Include="FortniteGame\Source\FortniteGame\Public\Items\FortLootTier.h">
      <Filter>Header Files</Filter>
    </ClInclude>
    <ClInclude Include="FortniteGame\Source\FortniteGame\Public\Athena\FortPoiVolume.h">
      <Filter>Header Files</Filter>
    </ClInclude>
    <ClInclude Include="FortniteGame\Source\FortniteGame\Public\Building\BuildingContainer.h">
      <Filter>Header Files</Filter>
    </ClInclude>
    <ClInclude Include="FortniteGame\Source\FortniteGame\Public\FortGameModeZone.h">
      <Filter>Header Files</Filter>
    </ClInclude>
    <ClInclude Include="FortniteGame\Source\FortniteAI\Public\FortAIDirector.h">
      <Filter>Header Files</Filter>
    </ClInclude>
    <ClInclude Include="FortniteGame\Source\FortniteAI\Public\FortAIGoalManager.h">
      <Filter>Header Files</Filter>
    </ClInclude>
    <ClInclude Include="FortniteGame\Source\FortniteGame\Public\FortKismetLibrary.h">
      <Filter>Header Files</Filter>
    </ClInclude>
    <ClInclude Include="FortniteGame\Source\FortniteGame\Public\Missions\FortMission_RiftSpawners.h">
      <Filter>Header Files</Filter>
    </ClInclude>
    <ClInclude Include="FortniteGame\Source\FortniteGame\Public\Athena\Modifiers\FortAthenaMutator_Barrier.h">
      <Filter>Header Files</Filter>
    </ClInclude>
    <ClInclude Include="FortniteGame\Source\FortniteGame\Public\Athena\Building\AthenaBarrierFlag.h">
      <Filter>Header Files</Filter>
    </ClInclude>
    <ClInclude Include="FortniteGame\Source\FortniteGame\Public\Building\BuildingActor.h">
      <Filter>Header Files</Filter>
    </ClInclude>
    <ClInclude Include="FortniteGame\Source\FortniteGame\Public\Athena\FortPlayerControllerAthena.h">
      <Filter>Header Files</Filter>
    </ClInclude>
    <ClInclude Include="FortniteGame\Source\FortniteGame\Public\Building\BuildingSMActor.h">
      <Filter>Header Files</Filter>
    </ClInclude>
    <ClInclude Include="FortniteGame\Source\FortniteGame\Public\Items\FortInventoryOwnerInterface.h">
      <Filter>Header Files</Filter>
    </ClInclude>
    <ClInclude Include="Engine\Source\Runtime\Core\Public\GenericPlatform\GenericPlatformMath.h">
      <Filter>Header Files</Filter>
    </ClInclude>
    <ClInclude Include="Engine\Source\Runtime\Core\Public\Math\UnrealMathUtility.h">
      <Filter>Header Files</Filter>
    </ClInclude>
  </ItemGroup>
  <ItemGroup>
    <ClCompile Include="dllmain.cpp">
      <Filter>Source Files</Filter>
    </ClCompile>
    <ClCompile Include="pch.cpp">
      <Filter>Source Files</Filter>
    </ClCompile>
    <ClCompile Include="SDK\SDK\Basic.cpp">
      <Filter>Source Files</Filter>
    </ClCompile>
    <ClCompile Include="SDK\SDK\Engine_functions.cpp">
      <Filter>Source Files</Filter>
    </ClCompile>
    <ClCompile Include="SDK\SDK\CoreUObject_functions.cpp">
      <Filter>Source Files</Filter>
    </ClCompile>
    <ClCompile Include="SDK\SDK\FortniteGame_functions.cpp">
      <Filter>Source Files</Filter>
    </ClCompile>
    <ClCompile Include="Engine\Source\Runtime\Engine\Private\Engine.cpp">
      <Filter>Source Files</Filter>
    </ClCompile>
    <ClCompile Include="Engine\Source\Runtime\Engine\Private\World.cpp">
      <Filter>Source Files</Filter>
    </ClCompile>
    <ClCompile Include="FortniteGame\Source\FortniteGame\Private\FortGameState.cpp">
      <Filter>Source Files</Filter>
    </ClCompile>
    <ClCompile Include="Engine\Source\Runtime\EngineSettingsModule\Private\EngineSettingsModule.cpp">
      <Filter>Source Files</Filter>
    </ClCompile>
    <ClCompile Include="FortniteGame\Source\FortniteGame\Private\Athena\FortGameModeAthena.cpp">
      <Filter>Source Files</Filter>
    </ClCompile>
    <ClCompile Include="Engine\Restricted\NotForLicensees\Plugins\OnlineGameplayFramework\Source\McpProfileSys\Private\McpProfileGroup.cpp">
      <Filter>Source Files</Filter>
    </ClCompile>
    <ClCompile Include="FortniteGame\Source\FortniteGame\Private\Online\FortGameSession.cpp">
      <Filter>Source Files</Filter>
    </ClCompile>
    <ClCompile Include="Engine\Source\Runtime\Engine\Private\NetDriver.cpp">
      <Filter>Source Files</Filter>
    </ClCompile>
    <ClCompile Include="FortniteGame\Source\FortniteGame\Private\Player\FortPlayerControllerZone.cpp">
      <Filter>Source Files</Filter>
    </ClCompile>
    <ClCompile Include="FortniteGame\Source\FortniteGame\Private\Items\FortInventory.cpp">
      <Filter>Source Files</Filter>
    </ClCompile>
    <ClCompile Include="FortniteGame\Source\FortniteGame\Private\Player\FortPlayerController.cpp">
      <Filter>Source Files</Filter>
    </ClCompile>
    <ClCompile Include="Engine\Plugins\Runtime\GameplayAbilities\Source\GameplayAbilities\Private\AbilitySystemComponent_Abilities.cpp">
      <Filter>Source Files</Filter>
    </ClCompile>
    <ClCompile Include="SDK\SDK\GameplayAbilities_functions.cpp">
      <Filter>Source Files</Filter>
    </ClCompile>
    <ClCompile Include="FortniteGame\Source\FortniteGame\Private\Quests\FortQuestManager.cpp">
      <Filter>Source Files</Filter>
    </ClCompile>
    <ClCompile Include="FortniteGame\Source\FortniteGame\Private\Items\FortLootPackage.cpp">
      <Filter>Source Files</Filter>
    </ClCompile>
    <ClCompile Include="FortniteGame\Source\FortniteGame\Private\Items\FortLootTier.cpp">
      <Filter>Source Files</Filter>
    </ClCompile>
    <ClCompile Include="FortniteGame\Source\FortniteGame\Private\Items\FortPickup.cpp">
      <Filter>Source Files</Filter>
    </ClCompile>
    <ClCompile Include="FortniteGame\Source\FortniteGame\Private\Athena\FortPoiVolume.cpp">
      <Filter>Source Files</Filter>
    </ClCompile>
    <ClCompile Include="FortniteGame\Source\FortniteGame\Private\Building\BuildingContainer.cpp">
      <Filter>Source Files</Filter>
    </ClCompile>
    <ClCompile Include="FortniteGame\Source\FortniteGame\Private\FortGameModeZone.cpp">
      <Filter>Source Files</Filter>
    </ClCompile>
    <ClCompile Include="FortniteGame\Source\FortniteAI\Private\FortAIDirector.cpp">
      <Filter>Source Files</Filter>
    </ClCompile>
    <ClCompile Include="FortniteGame\Source\FortniteAI\Private\FortAIGoalManager.cpp">
      <Filter>Source Files</Filter>
    </ClCompile>
    <ClCompile Include="FortniteGame\Source\FortniteGame\Private\FortKismetLibrary.cpp">
      <Filter>Source Files</Filter>
    </ClCompile>
    <ClCompile Include="FortniteGame\Source\FortniteGame\Private\Missions\FortMission_RiftSpawners.cpp">
      <Filter>Source Files</Filter>
    </ClCompile>
    <ClCompile Include="FortniteGame\Source\FortniteGame\Private\Athena\Modifiers\FortAthenaMutator_Barrier.cpp">
      <Filter>Source Files</Filter>
    </ClCompile>
    <ClCompile Include="FortniteGame\Source\FortniteGame\Private\Athena\Building\AthenaBarrierObjective.cpp">
      <Filter>Source Files</Filter>
    </ClCompile>
    <ClCompile Include="FortniteGame\Source\FortniteGame\Private\Athena\Building\AthenaBarrierFlag.cpp">
      <Filter>Source Files</Filter>
    </ClCompile>
    <ClCompile Include="FortniteGame\Source\FortniteGame\Private\Athena\Building\AthenaBigBaseWall.cpp">
      <Filter>Source Files</Filter>
    </ClCompile>
    <ClCompile Include="FortniteGame\Source\FortniteGame\Private\Building\BuildingActor.cpp">
      <Filter>Source Files</Filter>
    </ClCompile>
    <ClCompile Include="FortniteGame\Source\FortniteGame\Private\Athena\FortPlayerControllerAthena.cpp">
      <Filter>Source Files</Filter>
    </ClCompile>
    <ClCompile Include="FortniteGame\Source\FortniteGame\Private\Building\BuildingSMActor.cpp">
      <Filter>Source Files</Filter>
    </ClCompile>
    <ClCompile Include="FortniteGame\Source\FortniteGame\Private\Items\FortInventoryOwnerInterface.cpp">
      <Filter>Source Files</Filter>
    </ClCompile>
  </ItemGroup>
  <ItemGroup>
    <Library Include="minhook.lib" />
  </ItemGroup>
</Project>